
Microsoft Visual Studio Solution File, Format Version 12.00
# Visual Studio Version 17
VisualStudioVersion = 17.7.34221.43
MinimumVisualStudioVersion = 10.0.40219.1
Project("{FAE04EC0-301F-11D3-BF4B-00C04F79EFBC}") = "ChatServiceSignalR", "ChatServiceSignalR\ChatServiceSignalR.csproj", "{44ED3B0C-9056-40FC-9B6E-7F23B2FB820D}"
EndProject
Global
	GlobalSection(SolutionConfigurationPlatforms) = preSolution
		Debug|Any CPU = Debug|Any CPU
		Release|Any CPU = Release|Any CPU
	EndGlobalSection
	GlobalSection(ProjectConfigurationPlatforms) = postSolution
		{44ED3B0C-9056-40FC-9B6E-7F23B2FB820D}.Debug|Any CPU.ActiveCfg = Debug|Any CPU
		{44ED3B0C-9056-40FC-9B6E-7F23B2FB820D}.Debug|Any CPU.Build.0 = Debug|Any CPU
		{44ED3B0C-9056-40FC-9B6E-7F23B2FB820D}.Release|Any CPU.ActiveCfg = Release|Any CPU
		{44ED3B0C-9056-40FC-9B6E-7F23B2FB820D}.Release|Any CPU.Build.0 = Release|Any CPU
	EndGlobalSection
	GlobalSection(SolutionProperties) = preSolution
		HideSolutionNode = FALSE
	EndGlobalSection
	GlobalSection(ExtensibilityGlobals) = postSolution
		SolutionGuid = {CAAC1181-28A0-4852-A949-28AD5D50FCFB}
	EndGlobalSection
EndGlobal
